{
  "name": "clock_app",
  "version": "1.0.0",
  "lockfileVersion": 1,
  "requires": true,
  "dependencies": {
    "dayjs": {
      "version": "1.10.4",
      "resolved": "https://adeo.jfrog.io/adeo/api/npm/npm/dayjs/-/dayjs-1.10.4.tgz",
      "integrity": "sha1-jlRKm4aD9heD9XCYCoqA6vVKseI="
    }
  }
}
